
Microsoft Visual Studio Solution File, Format Version 12.00
# Visual Studio Version 16
VisualStudioVersion = 16.0.30114.105
MinimumVisualStudioVersion = 10.0.40219.1
Project("{9A19103F-16F7-4668-BE54-9A1E7A4F7556}") = "Q01", "Q01\Q01.csproj", "{D3792865-4A8B-419B-B9D6-F7A46B9A5E91}"
EndProject
Project("{9A19103F-16F7-4668-BE54-9A1E7A4F7556}") = "Q02", "Q02\Q02.csproj", "{D46B2B6B-64BE-4ED8-82CF-7AE9889CEF96}"
EndProject
Project("{FAE04EC0-301F-11D3-BF4B-00C04F79EFBC}") = "Q03", "Q03\Q03.csproj", "{FFB94D4C-F70D-403B-B878-D3B073FDE25A}"
EndProject
Global
	GlobalSection(SolutionConfigurationPlatforms) = preSolution
		Debug|Any CPU = Debug|Any CPU
		Release|Any CPU = Release|Any CPU
	EndGlobalSection
	GlobalSection(ProjectConfigurationPlatforms) = postSolution
		{D3792865-4A8B-419B-B9D6-F7A46B9A5E91}.Debug|Any CPU.ActiveCfg = Debug|Any CPU
		{D3792865-4A8B-419B-B9D6-F7A46B9A5E91}.Debug|Any CPU.Build.0 = Debug|Any CPU
		{D3792865-4A8B-419B-B9D6-F7A46B9A5E91}.Release|Any CPU.ActiveCfg = Release|Any CPU
		{D3792865-4A8B-419B-B9D6-F7A46B9A5E91}.Release|Any CPU.Build.0 = Release|Any CPU
		{D46B2B6B-64BE-4ED8-82CF-7AE9889CEF96}.Debug|Any CPU.ActiveCfg = Debug|Any CPU
		{D46B2B6B-64BE-4ED8-82CF-7AE9889CEF96}.Debug|Any CPU.Build.0 = Debug|Any CPU
		{D46B2B6B-64BE-4ED8-82CF-7AE9889CEF96}.Release|Any CPU.ActiveCfg = Release|Any CPU
		{D46B2B6B-64BE-4ED8-82CF-7AE9889CEF96}.Release|Any CPU.Build.0 = Release|Any CPU
		{FFB94D4C-F70D-403B-B878-D3B073FDE25A}.Debug|Any CPU.ActiveCfg = Debug|Any CPU
		{FFB94D4C-F70D-403B-B878-D3B073FDE25A}.Debug|Any CPU.Build.0 = Debug|Any CPU
		{FFB94D4C-F70D-403B-B878-D3B073FDE25A}.Release|Any CPU.ActiveCfg = Release|Any CPU
		{FFB94D4C-F70D-403B-B878-D3B073FDE25A}.Release|Any CPU.Build.0 = Release|Any CPU
	EndGlobalSection
	GlobalSection(SolutionProperties) = preSolution
		HideSolutionNode = FALSE
	EndGlobalSection
	GlobalSection(ExtensibilityGlobals) = postSolution
		SolutionGuid = {4B4DB306-FCD6-4CD2-9C6C-FC2632A7DCFD}
	EndGlobalSection
EndGlobal
